{
  "name": "spinal-env-viewer-plugin-upload",
  "version": "1.0.0",
  "lockfileVersion": 1,
  "requires": true,
  "dependencies": {
    "spinal-env-viewer-context-menu-service": {
      "version": "git+https://github.com/spinalcom/spinal-env-viewer-context-menu-service.git#e2696e6203dac9bbcaa31b36509f6a811fe81345",
      "from": "git+https://github.com/spinalcom/spinal-env-viewer-context-menu-service.git"
    },
    "spinal-env-viewer-panel-manager-service": {
      "version": "git+https://github.com/spinalcom/spinal-env-viewer-panel-manager-service.git#98d918a6a56d58c4fb03de457af40bc25eb2f8b9",
      "from": "git+https://github.com/spinalcom/spinal-env-viewer-panel-manager-service.git"
    },
    "spinal-env-viewer-panel-manager-service_spinalforgeextention": {
      "version": "git+https://github.com/spinalcom/spinal-env-viewer-panel-manager-service_spinalforgeextention.git#637dd751c03367108a482bff63166e24ae787832",
      "from": "git+https://github.com/spinalcom/spinal-env-viewer-panel-manager-service_spinalforgeextention.git",
      "requires": {
        "spinal-env-viewer-panel-manager-service": "git+https://github.com/spinalcom/spinal-env-viewer-panel-manager-service.git"
      }
    }
  }
}
